
Microsoft Visual Studio Solution File, Format Version 12.00
# Visual Studio 15
VisualStudioVersion = 15.0.26730.12
MinimumVisualStudioVersion = 10.0.40219.1
Project("{FAE04EC0-301F-11D3-BF4B-00C04F79EFBC}") = "Core", "Core\Core.csproj", "{62E76582-F7C5-4DB6-A27F-5A280B5F5780}"
EndProject
Project("{FAE04EC0-301F-11D3-BF4B-00C04F79EFBC}") = "Web.Tests", "Web.Tests\Web.Tests.csproj", "{7144A336-52FC-4D08-8F32-D07DF8B5C0E9}"
EndProject
Project("{FAE04EC0-301F-11D3-BF4B-00C04F79EFBC}") = "Web.API", "Web.API\Web.API.csproj", "{908F7B44-6289-495C-9B48-584CA99A6A37}"
EndProject
Project("{FAE04EC0-301F-11D3-BF4B-00C04F79EFBC}") = "Web.API.Tests", "Web.API.Tests\Web.API.Tests.csproj", "{B7B3AD1E-70C2-4BAF-BB1C-E396F6F93ED7}"
EndProject
Global
	GlobalSection(SolutionConfigurationPlatforms) = preSolution
		Debug|Any CPU = Debug|Any CPU
		Release|Any CPU = Release|Any CPU
	EndGlobalSection
	GlobalSection(ProjectConfigurationPlatforms) = postSolution
		{62E76582-F7C5-4DB6-A27F-5A280B5F5780}.Debug|Any CPU.ActiveCfg = Debug|Any CPU
		{62E76582-F7C5-4DB6-A27F-5A280B5F5780}.Debug|Any CPU.Build.0 = Debug|Any CPU
		{62E76582-F7C5-4DB6-A27F-5A280B5F5780}.Release|Any CPU.ActiveCfg = Release|Any CPU
		{62E76582-F7C5-4DB6-A27F-5A280B5F5780}.Release|Any CPU.Build.0 = Release|Any CPU
		{7144A336-52FC-4D08-8F32-D07DF8B5C0E9}.Debug|Any CPU.ActiveCfg = Debug|Any CPU
		{7144A336-52FC-4D08-8F32-D07DF8B5C0E9}.Debug|Any CPU.Build.0 = Debug|Any CPU
		{7144A336-52FC-4D08-8F32-D07DF8B5C0E9}.Release|Any CPU.ActiveCfg = Release|Any CPU
		{7144A336-52FC-4D08-8F32-D07DF8B5C0E9}.Release|Any CPU.Build.0 = Release|Any CPU
		{908F7B44-6289-495C-9B48-584CA99A6A37}.Debug|Any CPU.ActiveCfg = Debug|Any CPU
		{908F7B44-6289-495C-9B48-584CA99A6A37}.Debug|Any CPU.Build.0 = Debug|Any CPU
		{908F7B44-6289-495C-9B48-584CA99A6A37}.Release|Any CPU.ActiveCfg = Release|Any CPU
		{908F7B44-6289-495C-9B48-584CA99A6A37}.Release|Any CPU.Build.0 = Release|Any CPU
		{B7B3AD1E-70C2-4BAF-BB1C-E396F6F93ED7}.Debug|Any CPU.ActiveCfg = Debug|Any CPU
		{B7B3AD1E-70C2-4BAF-BB1C-E396F6F93ED7}.Debug|Any CPU.Build.0 = Debug|Any CPU
		{B7B3AD1E-70C2-4BAF-BB1C-E396F6F93ED7}.Release|Any CPU.ActiveCfg = Release|Any CPU
		{B7B3AD1E-70C2-4BAF-BB1C-E396F6F93ED7}.Release|Any CPU.Build.0 = Release|Any CPU
	EndGlobalSection
	GlobalSection(SolutionProperties) = preSolution
		HideSolutionNode = FALSE
	EndGlobalSection
	GlobalSection(ExtensibilityGlobals) = postSolution
		SolutionGuid = {1BB2174A-48C5-4842-9745-FD25836ACCC2}
	EndGlobalSection
EndGlobal
